// !$*UTF8*$!
{
	archiveVersion = 1;
	classes = {
	};
	objectVersion = 46;
	objects = {

/* Begin PBXBuildFile section */
		99CF1E31153FCED100E886B5 /* Foundation.framework in Frameworks */ = {isa = PBXBuildFile; fileRef = 99CF1E30153FCED100E886B5 /* Foundation.framework */; };
		99CF1E33153FCED100E886B5 /* UIKit.framework in Frameworks */ = {isa = PBXBuildFile; fileRef = 99CF1E32153FCED100E886B5 /* UIKit.framework */; };
		99CF1E35153FCED100E886B5 /* CoreGraphics.framework in Frameworks */ = {isa = PBXBuildFile; fileRef = 99CF1E34153FCED100E886B5 /* CoreGraphics.framework */; };
		99CF1E37153FCED100E886B5 /* AddressBook.framework in Frameworks */ = {isa = PBXBuildFile; fileRef = 99CF1E36153FCED100E886B5 /* AddressBook.framework */; };
		99CF1E39153FCED100E886B5 /* AddressBookUI.framework in Frameworks */ = {isa = PBXBuildFile; fileRef = 99CF1E38153FCED100E886B5 /* AddressBookUI.framework */; };
		99CF1E3B153FCED100E886B5 /* AudioToolbox.framework in Frameworks */ = {isa = PBXBuildFile; fileRef = 99CF1E3A153FCED100E886B5 /* AudioToolbox.framework */; };
		99CF1E3D153FCED100E886B5 /* AVFoundation.framework in Frameworks */ = {isa = PBXBuildFile; fileRef = 99CF1E3C153FCED100E886B5 /* AVFoundation.framework */; };
		99CF1E3F153FCED100E886B5 /* CoreLocation.framework in Frameworks */ = {isa = PBXBuildFile; fileRef = 99CF1E3E153FCED100E886B5 /* CoreLocation.framework */; };
		99CF1E41153FCED100E886B5 /* MediaPlayer.framework in Frameworks */ = {isa = PBXBuildFile; fileRef = 99CF1E40153FCED100E886B5 /* MediaPlayer.framework */; };
		99CF1E43153FCED100E886B5 /* QuartzCore.framework in Frameworks */ = {isa = PBXBuildFile; fileRef = 99CF1E42153FCED100E886B5 /* QuartzCore.framework */; };
		99CF1E45153FCED100E886B5 /* SystemConfiguration.framework in Frameworks */ = {isa = PBXBuildFile; fileRef = 99CF1E44153FCED100E886B5 /* SystemConfiguration.framework */; };
		99CF1E47153FCED100E886B5 /* MobileCoreServices.framework in Frameworks */ = {isa = PBXBuildFile; fileRef = 99CF1E46153FCED100E886B5 /* MobileCoreServices.framework */; };
		99CF1E49153FCED100E886B5 /* CoreMedia.framework in Frameworks */ = {isa = PBXBuildFile; fileRef = 99CF1E48153FCED100E886B5 /* CoreMedia.framework */; };
		99CF1E4F153FCED100E886B5 /* InfoPlist.strings in Resources */ = {isa = PBXBuildFile; fileRef = 99CF1E4D153FCED100E886B5 /* InfoPlist.strings */; };
		99CF1E51153FCED100E886B5 /* main.m in Sources */ = {isa = PBXBuildFile; fileRef = 99CF1E50153FCED100E886B5 /* main.m */; };
		99CF1E54153FCED100E886B5 /* Cordova.framework in Frameworks */ = {isa = PBXBuildFile; fileRef = 99CF1E53153FCED100E886B5 /* Cordova.framework */; };
		99CF1E59153FCED100E886B5 /* Localizable.strings in Resources */ = {isa = PBXBuildFile; fileRef = 99CF1E57153FCED100E886B5 /* Localizable.strings */; };
		99CF1E5D153FCED100E886B5 /* Localizable.strings in Resources */ = {isa = PBXBuildFile; fileRef = 99CF1E5B153FCED100E886B5 /* Localizable.strings */; };
		99CF1E61153FCED100E886B5 /* Localizable.strings in Resources */ = {isa = PBXBuildFile; fileRef = 99CF1E5F153FCED100E886B5 /* Localizable.strings */; };
		99CF1E65153FCED100E886B5 /* Localizable.strings in Resources */ = {isa = PBXBuildFile; fileRef = 99CF1E63153FCED100E886B5 /* Localizable.strings */; };
		99CF1E68153FCED100E886B5 /* icon.png in Resources */ = {isa = PBXBuildFile; fileRef = 99CF1E67153FCED100E886B5 /* icon.png */; };
		99CF1E6A153FCED100E886B5 /* icon@2x.png in Resources */ = {isa = PBXBuildFile; fileRef = 99CF1E69153FCED100E886B5 /* icon@2x.png */; };
		99CF1E6C153FCED100E886B5 /* icon-72.png in Resources */ = {isa = PBXBuildFile; fileRef = 99CF1E6B153FCED100E886B5 /* icon-72.png */; };
		99CF1E6F153FCED100E886B5 /* Default.png in Resources */ = {isa = PBXBuildFile; fileRef = 99CF1E6E153FCED100E886B5 /* Default.png */; };
		99CF1E71153FCED100E886B5 /* Default@2x.png in Resources */ = {isa = PBXBuildFile; fileRef = 99CF1E70153FCED100E886B5 /* Default@2x.png */; };
		99CF1E73153FCED100E886B5 /* Capture.bundle in Resources */ = {isa = PBXBuildFile; fileRef = 99CF1E72153FCED100E886B5 /* Capture.bundle */; };
		99CF1E75153FCED100E886B5 /* Cordova.plist in Resources */ = {isa = PBXBuildFile; fileRef = 99CF1E74153FCED100E886B5 /* Cordova.plist */; };
		99CF1E79153FCED100E886B5 /* AppDelegate.m in Sources */ = {isa = PBXBuildFile; fileRef = 99CF1E78153FCED100E886B5 /* AppDelegate.m */; };
		99CF1E7C153FCED100E886B5 /* MainViewController.m in Sources */ = {isa = PBXBuildFile; fileRef = 99CF1E7B153FCED100E886B5 /* MainViewController.m */; };
		99CF1E7E153FCED100E886B5 /* MainViewController.xib in Resources */ = {isa = PBXBuildFile; fileRef = 99CF1E7D153FCED100E886B5 /* MainViewController.xib */; };
		99CF1E82153FCED100E886B5 /* verify.sh in Resources */ = {isa = PBXBuildFile; fileRef = 99CF1E81153FCED100E886B5 /* verify.sh */; };
		99CF1E8E153FD39100E886B5 /* www in Resources */ = {isa = PBXBuildFile; fileRef = 99CF1E8D153FD39100E886B5 /* www */; };
/* End PBXBuildFile section */

/* Begin PBXFileReference section */
		99CF1E2C153FCED100E886B5 /* canning calculator.app */ = {isa = PBXFileReference; explicitFileType = wrapper.application; includeInIndex = 0; path = "canning calculator.app"; sourceTree = BUILT_PRODUCTS_DIR; };
		99CF1E30153FCED100E886B5 /* Foundation.framework */ = {isa = PBXFileReference; lastKnownFileType = wrapper.framework; name = Foundation.framework; path = System/Library/Frameworks/Foundation.framework; sourceTree = SDKROOT; };
		99CF1E32153FCED100E886B5 /* UIKit.framework */ = {isa = PBXFileReference; lastKnownFileType = wrapper.framework; name = UIKit.framework; path = System/Library/Frameworks/UIKit.framework; sourceTree = SDKROOT; };
		99CF1E34153FCED100E886B5 /* CoreGraphics.framework */ = {isa = PBXFileReference; lastKnownFileType = wrapper.framework; name = CoreGraphics.framework; path = System/Library/Frameworks/CoreGraphics.framework; sourceTree = SDKROOT; };
		99CF1E36153FCED100E886B5 /* AddressBook.framework */ = {isa = PBXFileReference; lastKnownFileType = wrapper.framework; name = AddressBook.framework; path = System/Library/Frameworks/AddressBook.framework; sourceTree = SDKROOT; };
		99CF1E38153FCED100E886B5 /* AddressBookUI.framework */ = {isa = PBXFileReference; lastKnownFileType = wrapper.framework; name = AddressBookUI.framework; path = System/Library/Frameworks/AddressBookUI.framework; sourceTree = SDKROOT; };
		99CF1E3A153FCED100E886B5 /* AudioToolbox.framework */ = {isa = PBXFileReference; lastKnownFileType = wrapper.framework; name = AudioToolbox.framework; path = System/Library/Frameworks/AudioToolbox.framework; sourceTree = SDKROOT; };
		99CF1E3C153FCED100E886B5 /* AVFoundation.framework */ = {isa = PBXFileReference; lastKnownFileType = wrapper.framework; name = AVFoundation.framework; path = System/Library/Frameworks/AVFoundation.framework; sourceTree = SDKROOT; };
		99CF1E3E153FCED100E886B5 /* CoreLocation.framework */ = {isa = PBXFileReference; lastKnownFileType = wrapper.framework; name = CoreLocation.framework; path = System/Library/Frameworks/CoreLocation.framework; sourceTree = SDKROOT; };
		99CF1E40153FCED100E886B5 /* MediaPlayer.framework */ = {isa = PBXFileReference; lastKnownFileType = wrapper.framework; name = MediaPlayer.framework; path = System/Library/Frameworks/MediaPlayer.framework; sourceTree = SDKROOT; };
		99CF1E42153FCED100E886B5 /* QuartzCore.framework */ = {isa = PBXFileReference; lastKnownFileType = wrapper.framework; name = QuartzCore.framework; path = System/Library/Frameworks/QuartzCore.framework; sourceTree = SDKROOT; };
		99CF1E44153FCED100E886B5 /* SystemConfiguration.framework */ = {isa = PBXFileReference; lastKnownFileType = wrapper.framework; name = SystemConfiguration.framework; path = System/Library/Frameworks/SystemConfiguration.framework; sourceTree = SDKROOT; };
		99CF1E46153FCED100E886B5 /* MobileCoreServices.framework */ = {isa = PBXFileReference; lastKnownFileType = wrapper.framework; name = MobileCoreServices.framework; path = System/Library/Frameworks/MobileCoreServices.framework; sourceTree = SDKROOT; };
		99CF1E48153FCED100E886B5 /* CoreMedia.framework */ = {isa = PBXFileReference; lastKnownFileType = wrapper.framework; name = CoreMedia.framework; path = System/Library/Frameworks/CoreMedia.framework; sourceTree = SDKROOT; };
		99CF1E4C153FCED100E886B5 /* canning calculator-Info.plist */ = {isa = PBXFileReference; lastKnownFileType = text.plist.xml; path = "canning calculator-Info.plist"; sourceTree = "<group>"; };
		99CF1E4E153FCED100E886B5 /* en */ = {isa = PBXFileReference; lastKnownFileType = text.plist.strings; name = en; path = en.lproj/InfoPlist.strings; sourceTree = "<group>"; };
		99CF1E50153FCED100E886B5 /* main.m */ = {isa = PBXFileReference; lastKnownFileType = sourcecode.c.objc; path = main.m; sourceTree = "<group>"; };
		99CF1E52153FCED100E886B5 /* canning calculator-Prefix.pch */ = {isa = PBXFileReference; lastKnownFileType = sourcecode.c.h; path = "canning calculator-Prefix.pch"; sourceTree = "<group>"; };
		99CF1E53153FCED100E886B5 /* Cordova.framework */ = {isa = PBXFileReference; lastKnownFileType = wrapper.framework; name = Cordova.framework; path = /Users/Shared/Cordova/Frameworks/Cordova.framework; sourceTree = "<absolute>"; };
		99CF1E58153FCED100E886B5 /* en */ = {isa = PBXFileReference; lastKnownFileType = text.plist.strings; name = en; path = Resources/en.lproj/Localizable.strings; sourceTree = "<group>"; };
		99CF1E5C153FCED100E886B5 /* es */ = {isa = PBXFileReference; lastKnownFileType = text.plist.strings; name = es; path = Resources/es.lproj/Localizable.strings; sourceTree = "<group>"; };
		99CF1E60153FCED100E886B5 /* de */ = {isa = PBXFileReference; lastKnownFileType = text.plist.strings; name = de; path = Resources/de.lproj/Localizable.strings; sourceTree = "<group>"; };
		99CF1E64153FCED100E886B5 /* se */ = {isa = PBXFileReference; lastKnownFileType = text.plist.strings; name = se; path = Resources/se.lproj/Localizable.strings; sourceTree = "<group>"; };
		99CF1E67153FCED100E886B5 /* icon.png */ = {isa = PBXFileReference; lastKnownFileType = image.png; name = icon.png; path = Resources/icons/icon.png; sourceTree = "<group>"; };
		99CF1E69153FCED100E886B5 /* icon@2x.png */ = {isa = PBXFileReference; lastKnownFileType = image.png; name = "icon@2x.png"; path = "Resources/icons/icon@2x.png"; sourceTree = "<group>"; };
		99CF1E6B153FCED100E886B5 /* icon-72.png */ = {isa = PBXFileReference; lastKnownFileType = image.png; name = "icon-72.png"; path = "Resources/icons/icon-72.png"; sourceTree = "<group>"; };
		99CF1E6E153FCED100E886B5 /* Default.png */ = {isa = PBXFileReference; lastKnownFileType = image.png; name = Default.png; path = Resources/splash/Default.png; sourceTree = "<group>"; };
		99CF1E70153FCED100E886B5 /* Default@2x.png */ = {isa = PBXFileReference; lastKnownFileType = image.png; name = "Default@2x.png"; path = "Resources/splash/Default@2x.png"; sourceTree = "<group>"; };
		99CF1E72153FCED100E886B5 /* Capture.bundle */ = {isa = PBXFileReference; lastKnownFileType = "wrapper.plug-in"; name = Capture.bundle; path = Resources/Capture.bundle; sourceTree = "<group>"; };
		99CF1E74153FCED100E886B5 /* Cordova.plist */ = {isa = PBXFileReference; lastKnownFileType = text.plist.xml; path = Cordova.plist; sourceTree = "<group>"; };
		99CF1E77153FCED100E886B5 /* AppDelegate.h */ = {isa = PBXFileReference; lastKnownFileType = sourcecode.c.h; name = AppDelegate.h; path = Classes/AppDelegate.h; sourceTree = "<group>"; };
		99CF1E78153FCED100E886B5 /* AppDelegate.m */ = {isa = PBXFileReference; lastKnownFileType = sourcecode.c.objc; name = AppDelegate.m; path = Classes/AppDelegate.m; sourceTree = "<group>"; };
		99CF1E7A153FCED100E886B5 /* MainViewController.h */ = {isa = PBXFileReference; lastKnownFileType = sourcecode.c.h; name = MainViewController.h; path = Classes/MainViewController.h; sourceTree = "<group>"; };
		99CF1E7B153FCED100E886B5 /* MainViewController.m */ = {isa = PBXFileReference; lastKnownFileType = sourcecode.c.objc; name = MainViewController.m; path = Classes/MainViewController.m; sourceTree = "<group>"; };
		99CF1E7D153FCED100E886B5 /* MainViewController.xib */ = {isa = PBXFileReference; lastKnownFileType = file.xib; name = MainViewController.xib; path = Classes/MainViewController.xib; sourceTree = "<group>"; };
		99CF1E80153FCED100E886B5 /* README */ = {isa = PBXFileReference; lastKnownFileType = text; name = README; path = Plugins/README; sourceTree = "<group>"; };
		99CF1E81153FCED100E886B5 /* verify.sh */ = {isa = PBXFileReference; lastKnownFileType = text.script.sh; path = verify.sh; sourceTree = "<group>"; };
		99CF1E8D153FD39100E886B5 /* www */ = {isa = PBXFileReference; lastKnownFileType = folder; path = www; sourceTree = "<group>"; };
/* End PBXFileReference section */

/* Begin PBXFrameworksBuildPhase section */
		99CF1E26153FCED100E886B5 /* Frameworks */ = {
			isa = PBXFrameworksBuildPhase;
			buildActionMask = 2147483647;
			files = (
				99CF1E31153FCED100E886B5 /* Foundation.framework in Frameworks */,
				99CF1E33153FCED100E886B5 /* UIKit.framework in Frameworks */,
				99CF1E35153FCED100E886B5 /* CoreGraphics.framework in Frameworks */,
				99CF1E37153FCED100E886B5 /* AddressBook.framework in Frameworks */,
				99CF1E39153FCED100E886B5 /* AddressBookUI.framework in Frameworks */,
				99CF1E3B153FCED100E886B5 /* AudioToolbox.framework in Frameworks */,
				99CF1E3D153FCED100E886B5 /* AVFoundation.framework in Frameworks */,
				99CF1E3F153FCED100E886B5 /* CoreLocation.framework in Frameworks */,
				99CF1E41153FCED100E886B5 /* MediaPlayer.framework in Frameworks */,
				99CF1E43153FCED100E886B5 /* QuartzCore.framework in Frameworks */,
				99CF1E45153FCED100E886B5 /* SystemConfiguration.framework in Frameworks */,
				99CF1E47153FCED100E886B5 /* MobileCoreServices.framework in Frameworks */,
				99CF1E49153FCED100E886B5 /* CoreMedia.framework in Frameworks */,
				99CF1E54153FCED100E886B5 /* Cordova.framework in Frameworks */,
			);
			runOnlyForDeploymentPostprocessing = 0;
		};
		99CF1E29153FCED100E886B5 /* Frameworks */ = {
			isa = PBXFrameworksBuildPhase;
			buildActionMask = 2147483647;
			files = (
			);
			runOnlyForDeploymentPostprocessing = 0;
		};
/* End PBXFrameworksBuildPhase section */

/* Begin PBXGroup section */
		99CF1E1E153FCED000E886B5 = {
			isa = PBXGroup;
			children = (
				99CF1E8D153FD39100E886B5 /* www */,
				99CF1E4A153FCED100E886B5 /* canning calculator */,
				99CF1E2F153FCED100E886B5 /* Frameworks */,
				99CF1E2D153FCED100E886B5 /* Products */,
			);
			sourceTree = "<group>";
		};
		99CF1E2D153FCED100E886B5 /* Products */ = {
			isa = PBXGroup;
			children = (
				99CF1E2C153FCED100E886B5 /* canning calculator.app */,
			);
			name = Products;
			sourceTree = "<group>";
		};
		99CF1E2F153FCED100E886B5 /* Frameworks */ = {
			isa = PBXGroup;
			children = (
				99CF1E30153FCED100E886B5 /* Foundation.framework */,
				99CF1E32153FCED100E886B5 /* UIKit.framework */,
				99CF1E34153FCED100E886B5 /* CoreGraphics.framework */,
				99CF1E36153FCED100E886B5 /* AddressBook.framework */,
				99CF1E38153FCED100E886B5 /* AddressBookUI.framework */,
				99CF1E3A153FCED100E886B5 /* AudioToolbox.framework */,
				99CF1E3C153FCED100E886B5 /* AVFoundation.framework */,
				99CF1E3E153FCED100E886B5 /* CoreLocation.framework */,
				99CF1E40153FCED100E886B5 /* MediaPlayer.framework */,
				99CF1E42153FCED100E886B5 /* QuartzCore.framework */,
				99CF1E44153FCED100E886B5 /* SystemConfiguration.framework */,
				99CF1E46153FCED100E886B5 /* MobileCoreServices.framework */,
				99CF1E48153FCED100E886B5 /* CoreMedia.framework */,
			);
			name = Frameworks;
			sourceTree = "<group>";
		};
		99CF1E4A153FCED100E886B5 /* canning calculator */ = {
			isa = PBXGroup;
			children = (
				99CF1E53153FCED100E886B5 /* Cordova.framework */,
				99CF1E55153FCED100E886B5 /* Resources */,
				99CF1E76153FCED100E886B5 /* Classes */,
				99CF1E7F153FCED100E886B5 /* Plugins */,
				99CF1E4B153FCED100E886B5 /* Supporting Files */,
			);
			path = "canning calculator";
			sourceTree = "<group>";
		};
		99CF1E4B153FCED100E886B5 /* Supporting Files */ = {
			isa = PBXGroup;
			children = (
				99CF1E4C153FCED100E886B5 /* canning calculator-Info.plist */,
				99CF1E4D153FCED100E886B5 /* InfoPlist.strings */,
				99CF1E50153FCED100E886B5 /* main.m */,
				99CF1E52153FCED100E886B5 /* canning calculator-Prefix.pch */,
				99CF1E74153FCED100E886B5 /* Cordova.plist */,
				99CF1E7D153FCED100E886B5 /* MainViewController.xib */,
				99CF1E81153FCED100E886B5 /* verify.sh */,
			);
			name = "Supporting Files";
			sourceTree = "<group>";
		};
		99CF1E55153FCED100E886B5 /* Resources */ = {
			isa = PBXGroup;
			children = (
				99CF1E72153FCED100E886B5 /* Capture.bundle */,
				99CF1E56153FCED100E886B5 /* en.lproj */,
				99CF1E5A153FCED100E886B5 /* es.lproj */,
				99CF1E5E153FCED100E886B5 /* de.lproj */,
				99CF1E62153FCED100E886B5 /* se.lproj */,
				99CF1E66153FCED100E886B5 /* icons */,
				99CF1E6D153FCED100E886B5 /* splash */,
			);
			name = Resources;
			sourceTree = "<group>";
		};
		99CF1E56153FCED100E886B5 /* en.lproj */ = {
			isa = PBXGroup;
			children = (
				99CF1E57153FCED100E886B5 /* Localizable.strings */,
			);
			name = en.lproj;
			sourceTree = "<group>";
		};
		99CF1E5A153FCED100E886B5 /* es.lproj */ = {
			isa = PBXGroup;
			children = (
				99CF1E5B153FCED100E886B5 /* Localizable.strings */,
			);
			name = es.lproj;
			sourceTree = "<group>";
		};
		99CF1E5E153FCED100E886B5 /* de.lproj */ = {
			isa = PBXGroup;
			children = (
				99CF1E5F153FCED100E886B5 /* Localizable.strings */,
			);
			name = de.lproj;
			sourceTree = "<group>";
		};
		99CF1E62153FCED100E886B5 /* se.lproj */ = {
			isa = PBXGroup;
			children = (
				99CF1E63153FCED100E886B5 /* Localizable.strings */,
			);
			name = se.lproj;
			sourceTree = "<group>";
		};
		99CF1E66153FCED100E886B5 /* icons */ = {
			isa = PBXGroup;
			children = (
				99CF1E67153FCED100E886B5 /* icon.png */,
				99CF1E69153FCED100E886B5 /* icon@2x.png */,
				99CF1E6B153FCED100E886B5 /* icon-72.png */,
			);
			name = icons;
			sourceTree = "<group>";
		};
		99CF1E6D153FCED100E886B5 /* splash */ = {
			isa = PBXGroup;
			children = (
				99CF1E6E153FCED100E886B5 /* Default.png */,
				99CF1E70153FCED100E886B5 /* Default@2x.png */,
			);
			name = splash;
			sourceTree = "<group>";
		};
		99CF1E76153FCED100E886B5 /* Classes */ = {
			isa = PBXGroup;
			children = (
				99CF1E77153FCED100E886B5 /* AppDelegate.h */,
				99CF1E78153FCED100E886B5 /* AppDelegate.m */,
				99CF1E7A153FCED100E886B5 /* MainViewController.h */,
				99CF1E7B153FCED100E886B5 /* MainViewController.m */,
			);
			name = Classes;
			sourceTree = "<group>";
		};
		99CF1E7F153FCED100E886B5 /* Plugins */ = {
			isa = PBXGroup;
			children = (
				99CF1E80153FCED100E886B5 /* README */,
			);
			name = Plugins;
			sourceTree = "<group>";
		};
/* End PBXGroup section */

/* Begin PBXNativeTarget section */
		99CF1E2B153FCED100E886B5 /* canning calculator */ = {
			isa = PBXNativeTarget;
			buildConfigurationList = 99CF1E85153FCED100E886B5 /* Build configuration list for PBXNativeTarget "canning calculator" */;
			buildPhases = (
				99CF1E25153FCED100E886B5 /* Sources */,
				99CF1E26153FCED100E886B5 /* Frameworks */,
				99CF1E27153FCED100E886B5 /* Resources */,
				99CF1E28153FCED100E886B5 /* Sources */,
				99CF1E29153FCED100E886B5 /* Frameworks */,
				99CF1E2A153FCED100E886B5 /* ShellScript */,
			);
			buildRules = (
			);
			dependencies = (
			);
			name = "canning calculator";
			productName = "canning calculator";
			productReference = 99CF1E2C153FCED100E886B5 /* canning calculator.app */;
			productType = "com.apple.product-type.application";
		};
/* End PBXNativeTarget section */

/* Begin PBXProject section */
		99CF1E20153FCED000E886B5 /* Project object */ = {
			isa = PBXProject;
			attributes = {
				LastUpgradeCheck = 0430;
				ORGANIZATIONNAME = Foodtree;
			};
			buildConfigurationList = 99CF1E23153FCED000E886B5 /* Build configuration list for PBXProject "canning calculator" */;
			compatibilityVersion = "Xcode 3.2";
			developmentRegion = English;
			hasScannedForEncodings = 0;
			knownRegions = (
				en,
				es,
				de,
				se,
			);
			mainGroup = 99CF1E1E153FCED000E886B5;
			productRefGroup = 99CF1E2D153FCED100E886B5 /* Products */;
			projectDirPath = "";
			projectRoot = "";
			targets = (
				99CF1E2B153FCED100E886B5 /* canning calculator */,
			);
		};
/* End PBXProject section */

/* Begin PBXResourcesBuildPhase section */
		99CF1E27153FCED100E886B5 /* Resources */ = {
			isa = PBXResourcesBuildPhase;
			buildActionMask = 2147483647;
			files = (
				99CF1E4F153FCED100E886B5 /* InfoPlist.strings in Resources */,
				99CF1E59153FCED100E886B5 /* Localizable.strings in Resources */,
				99CF1E5D153FCED100E886B5 /* Localizable.strings in Resources */,
				99CF1E61153FCED100E886B5 /* Localizable.strings in Resources */,
				99CF1E65153FCED100E886B5 /* Localizable.strings in Resources */,
				99CF1E68153FCED100E886B5 /* icon.png in Resources */,
				99CF1E6A153FCED100E886B5 /* icon@2x.png in Resources */,
				99CF1E6C153FCED100E886B5 /* icon-72.png in Resources */,
				99CF1E6F153FCED100E886B5 /* Default.png in Resources */,
				99CF1E71153FCED100E886B5 /* Default@2x.png in Resources */,
				99CF1E73153FCED100E886B5 /* Capture.bundle in Resources */,
				99CF1E75153FCED100E886B5 /* Cordova.plist in Resources */,
				99CF1E7E153FCED100E886B5 /* MainViewController.xib in Resources */,
				99CF1E82153FCED100E886B5 /* verify.sh in Resources */,
				99CF1E8E153FD39100E886B5 /* www in Resources */,
			);
			runOnlyForDeploymentPostprocessing = 0;
		};
/* End PBXResourcesBuildPhase section */

/* Begin PBXShellScriptBuildPhase section */
		99CF1E2A153FCED100E886B5 /* ShellScript */ = {
			isa = PBXShellScriptBuildPhase;
			buildActionMask = 2147483647;
			files = (
			);
			inputPaths = (
			);
			outputPaths = (
			);
			runOnlyForDeploymentPostprocessing = 0;
			shellPath = /bin/bash;
			shellScript = "\n\t\t\t\t\t\t\t\tchmod 755 \"$PROJECT_DIR/$PROJECT_NAME/verify.sh\"\n\t\t\t\t\t\t\t\t\"$PROJECT_DIR/$PROJECT_NAME/verify.sh\"\n\t\t\t\t\t";
		};
/* End PBXShellScriptBuildPhase section */

/* Begin PBXSourcesBuildPhase section */
		99CF1E25153FCED100E886B5 /* Sources */ = {
			isa = PBXSourcesBuildPhase;
			buildActionMask = 2147483647;
			files = (
				99CF1E51153FCED100E886B5 /* main.m in Sources */,
				99CF1E79153FCED100E886B5 /* AppDelegate.m in Sources */,
				99CF1E7C153FCED100E886B5 /* MainViewController.m in Sources */,
			);
			runOnlyForDeploymentPostprocessing = 0;
		};
		99CF1E28153FCED100E886B5 /* Sources */ = {
			isa = PBXSourcesBuildPhase;
			buildActionMask = 2147483647;
			files = (
			);
			runOnlyForDeploymentPostprocessing = 0;
		};
/* End PBXSourcesBuildPhase section */

/* Begin PBXVariantGroup section */
		99CF1E4D153FCED100E886B5 /* InfoPlist.strings */ = {
			isa = PBXVariantGroup;
			children = (
				99CF1E4E153FCED100E886B5 /* en */,
			);
			name = InfoPlist.strings;
			sourceTree = "<group>";
		};
		99CF1E57153FCED100E886B5 /* Localizable.strings */ = {
			isa = PBXVariantGroup;
			children = (
				99CF1E58153FCED100E886B5 /* en */,
			);
			name = Localizable.strings;
			sourceTree = "<group>";
		};
		99CF1E5B153FCED100E886B5 /* Localizable.strings */ = {
			isa = PBXVariantGroup;
			children = (
				99CF1E5C153FCED100E886B5 /* es */,
			);
			name = Localizable.strings;
			sourceTree = "<group>";
		};
		99CF1E5F153FCED100E886B5 /* Localizable.strings */ = {
			isa = PBXVariantGroup;
			children = (
				99CF1E60153FCED100E886B5 /* de */,
			);
			name = Localizable.strings;
			sourceTree = "<group>";
		};
		99CF1E63153FCED100E886B5 /* Localizable.strings */ = {
			isa = PBXVariantGroup;
			children = (
				99CF1E64153FCED100E886B5 /* se */,
			);
			name = Localizable.strings;
			sourceTree = "<group>";
		};
/* End PBXVariantGroup section */

/* Begin XCBuildConfiguration section */
		99CF1E83153FCED100E886B5 /* Debug */ = {
			isa = XCBuildConfiguration;
			buildSettings = {
				ALWAYS_SEARCH_USER_PATHS = NO;
				ARCHS = (
					armv6,
					"$(ARCHS_STANDARD_32_BIT)",
				);
				CLANG_ENABLE_OBJC_ARC = YES;
				"CODE_SIGN_IDENTITY[sdk=iphoneos*]" = "iPhone Developer";
				COPY_PHASE_STRIP = NO;
				GCC_C_LANGUAGE_STANDARD = gnu99;
				GCC_DYNAMIC_NO_PIC = NO;
				GCC_OPTIMIZATION_LEVEL = 0;
				GCC_PREPROCESSOR_DEFINITIONS = (
					"DEBUG=1",
					"$(inherited)",
				);
				GCC_SYMBOLS_PRIVATE_EXTERN = NO;
				GCC_THUMB_SUPPORT = NO;
				GCC_VERSION = com.apple.compilers.llvmgcc42;
				GCC_WARN_ABOUT_RETURN_TYPE = YES;
				GCC_WARN_UNINITIALIZED_AUTOS = YES;
				GCC_WARN_UNUSED_VARIABLE = YES;
				IPHONEOS_DEPLOYMENT_TARGET = 3.0;
				SDKROOT = iphoneos;
			};
			name = Debug;
		};
		99CF1E84153FCED100E886B5 /* Release */ = {
			isa = XCBuildConfiguration;
			buildSettings = {
				ALWAYS_SEARCH_USER_PATHS = NO;
				ARCHS = (
					armv6,
					"$(ARCHS_STANDARD_32_BIT)",
				);
				CLANG_ENABLE_OBJC_ARC = YES;
				"CODE_SIGN_IDENTITY[sdk=iphoneos*]" = "iPhone Developer";
				COPY_PHASE_STRIP = YES;
				GCC_C_LANGUAGE_STANDARD = gnu99;
				GCC_THUMB_SUPPORT = NO;
				GCC_VERSION = com.apple.compilers.llvmgcc42;
				GCC_WARN_ABOUT_RETURN_TYPE = YES;
				GCC_WARN_UNINITIALIZED_AUTOS = YES;
				GCC_WARN_UNUSED_VARIABLE = YES;
				IPHONEOS_DEPLOYMENT_TARGET = 3.0;
				SDKROOT = iphoneos;
				VALIDATE_PRODUCT = YES;
			};
			name = Release;
		};
		99CF1E86153FCED100E886B5 /* Debug */ = {
			isa = XCBuildConfiguration;
			buildSettings = {
				ALWAYS_SEARCH_USER_PATHS = YES;
				COPY_PHASE_STRIP = NO;
				FRAMEWORK_SEARCH_PATHS = /Users/Shared/Cordova/Frameworks;
				GCC_DYNAMIC_NO_PIC = NO;
				GCC_PRECOMPILE_PREFIX_HEADER = YES;
				GCC_PREFIX_HEADER = "canning calculator/canning calculator-Prefix.pch";
				GCC_PREPROCESSOR_DEFINITIONS = (
					"DEBUG=1,",
					"CORDOVA_FRAMEWORK=1",
				);
				GCC_THUMB_SUPPORT = NO;
				INFOPLIST_FILE = "canning calculator/canning calculator-Info.plist";
				OTHER_LDFLAGS = (
					"-weak_framework",
					UIKit,
					"-weak_framework",
					AVFoundation,
					"-weak_framework",
					CoreMedia,
					"-weak_library",
					/usr/lib/libSystem.B.dylib,
				);
				PRODUCT_NAME = "$(TARGET_NAME)";
				TARGETED_DEVICE_FAMILY = "1,2";
				WRAPPER_EXTENSION = app;
			};
			name = Debug;
		};
		99CF1E87153FCED100E886B5 /* Release */ = {
			isa = XCBuildConfiguration;
			buildSettings = {
				ALWAYS_SEARCH_USER_PATHS = YES;
				COPY_PHASE_STRIP = YES;
				DEBUG_INFORMATION_FORMAT = "dwarf-with-dsym";
				FRAMEWORK_SEARCH_PATHS = /Users/Shared/Cordova/Frameworks;
				GCC_PRECOMPILE_PREFIX_HEADER = YES;
				GCC_PREFIX_HEADER = "canning calculator/canning calculator-Prefix.pch";
				GCC_PREPROCESSOR_DEFINITIONS = (
					"NDEBUG=1,",
					"CORDOVA_FRAMEWORK=1",
				);
				GCC_THUMB_SUPPORT = NO;
				INFOPLIST_FILE = "canning calculator/canning calculator-Info.plist";
				OTHER_LDFLAGS = (
					"-weak_framework",
					UIKit,
					"-weak_framework",
					AVFoundation,
					"-weak_framework",
					CoreMedia,
					"-weak_library",
					/usr/lib/libSystem.B.dylib,
				);
				PRODUCT_NAME = "$(TARGET_NAME)";
				TARGETED_DEVICE_FAMILY = "1,2";
				VALIDATE_PRODUCT = YES;
				WRAPPER_EXTENSION = app;
			};
			name = Release;
		};
/* End XCBuildConfiguration section */

/* Begin XCConfigurationList section */
		99CF1E23153FCED000E886B5 /* Build configuration list for PBXProject "canning calculator" */ = {
			isa = XCConfigurationList;
			buildConfigurations = (
				99CF1E83153FCED100E886B5 /* Debug */,
				99CF1E84153FCED100E886B5 /* Release */,
			);
			defaultConfigurationIsVisible = 0;
			defaultConfigurationName = Release;
		};
		99CF1E85153FCED100E886B5 /* Build configuration list for PBXNativeTarget "canning calculator" */ = {
			isa = XCConfigurationList;
			buildConfigurations = (
				99CF1E86153FCED100E886B5 /* Debug */,
				99CF1E87153FCED100E886B5 /* Release */,
			);
			defaultConfigurationIsVisible = 0;
			defaultConfigurationName = Release;
		};
/* End XCConfigurationList section */
	};
	rootObject = 99CF1E20153FCED000E886B5 /* Project object */;
}
